
Microsoft Visual Studio Solution File, Format Version 12.00
# Visual Studio 2013
VisualStudioVersion = 12.0.30110.0
MinimumVisualStudioVersion = 10.0.40219.1
Project("{8BC9CEB8-8B4A-11D0-8D11-00A0C91BC942}") = "Accelerated C++", "Accelerated C++.vcxproj", "{26114316-3F77-4BD6-AAD5-7A9B086D6810}"
EndProject
Global
	GlobalSection(SolutionConfigurationPlatforms) = preSolution
		Debug|Win32 = Debug|Win32
		Release|Win32 = Release|Win32
	EndGlobalSection
	GlobalSection(ProjectConfigurationPlatforms) = postSolution
		{26114316-3F77-4BD6-AAD5-7A9B086D6810}.Debug|Win32.ActiveCfg = Debug|Win32
		{26114316-3F77-4BD6-AAD5-7A9B086D6810}.Debug|Win32.Build.0 = Debug|Win32
		{26114316-3F77-4BD6-AAD5-7A9B086D6810}.Release|Win32.ActiveCfg = Release|Win32
		{26114316-3F77-4BD6-AAD5-7A9B086D6810}.Release|Win32.Build.0 = Release|Win32
	EndGlobalSection
	GlobalSection(SolutionProperties) = preSolution
		HideSolutionNode = FALSE
	EndGlobalSection
EndGlobal
