<?xml version="1.0" encoding="utf-8"?>
<Project ToolsVersion="4.0" xmlns="http://schemas.microsoft.com/developer/msbuild/2003">
  <ItemGroup>
    <Filter Include="Source Files">
      <UniqueIdentifier>{4FC737F1-C7A5-4376-A066-2A32D752A2FF}</UniqueIdentifier>
      <Extensions>cpp;c;cc;cxx;def;odl;idl;hpj;bat;asm;asmx</Extensions>
    </Filter>
    <Filter Include="Header Files">
      <UniqueIdentifier>{93995380-89BD-4b04-88EB-625FBE52EBFB}</UniqueIdentifier>
      <Extensions>h;hh;hpp;hxx;hm;inl;inc;xsd</Extensions>
    </Filter>
    <Filter Include="Resource Files">
      <UniqueIdentifier>{67DA6AB6-F800-4c08-8B7A-83BB121AAD01}</UniqueIdentifier>
      <Extensions>rc;ico;cur;bmp;dlg;rc2;rct;bin;rgs;gif;jpg;jpeg;jpe;resx;tiff;tif;png;wav</Extensions>
    </Filter>
    <Filter Include="Scripts">
      <UniqueIdentifier>{d6e8d715-9a7c-4ba5-9028-2cb934e8550a}</UniqueIdentifier>
    </Filter>
    <Filter Include="Scripts\codemirror-3.01">
      <UniqueIdentifier>{65136f06-ea6b-48bd-a335-9a5ae8a19262}</UniqueIdentifier>
    </Filter>
    <Filter Include="Scripts\codemirror-3.01\mode">
      <UniqueIdentifier>{3954e594-85ff-40e0-ad72-feaf0d1d12d7}</UniqueIdentifier>
    </Filter>
    <Filter Include="Content">
      <UniqueIdentifier>{bb5dd4c8-18ac-4780-a8a5-18820d69f7dc}</UniqueIdentifier>
    </Filter>
    <Filter Include="Content\codemirror-3.01">
      <UniqueIdentifier>{23f8733b-01cb-46e9-8606-9675ccdec911}</UniqueIdentifier>
    </Filter>
    <Filter Include="Scripts\codemirror-3.01\keymap">
      <UniqueIdentifier>{2d95b465-4be0-4d6b-940c-7795ecaedb30}</UniqueIdentifier>
    </Filter>
  </ItemGroup>
  <ItemGroup>
    <ClCompile Include="ch00-getting-started\02.cc">
      <Filter>Source Files</Filter>
    </ClCompile>
    <ClCompile Include="ch00-getting-started\03.cc">
      <Filter>Source Files</Filter>
    </ClCompile>
    <ClCompile Include="ch00-getting-started\04.cc">
      <Filter>Source Files</Filter>
    </ClCompile>
    <ClCompile Include="ch00-getting-started\05.cc">
      <Filter>Source Files</Filter>
    </ClCompile>
    <ClCompile Include="ch00-getting-started\06.cc">
      <Filter>Source Files</Filter>
    </ClCompile>
    <ClCompile Include="ch00-getting-started\07.cc">
      <Filter>Source Files</Filter>
    </ClCompile>
    <ClCompile Include="ch00-getting-started\08.cc">
      <Filter>Source Files</Filter>
    </ClCompile>
    <ClCompile Include="ch00-getting-started\09.cc">
      <Filter>Source Files</Filter>
    </ClCompile>
    <ClCompile Include="ch00-getting-started\10.cc">
      <Filter>Source Files</Filter>
    </ClCompile>
    <ClCompile Include="ch00-getting-started\hello.cc">
      <Filter>Source Files</Filter>
    </ClCompile>
    <ClCompile Include="ch01-working-with-strings\01.cc">
      <Filter>Source Files</Filter>
    </ClCompile>
    <ClCompile Include="ch01-working-with-strings\03.cc">
      <Filter>Source Files</Filter>
    </ClCompile>
    <ClCompile Include="ch01-working-with-strings\04.cc">
      <Filter>Source Files</Filter>
    </ClCompile>
    <ClCompile Include="ch01-working-with-strings\05.cc">
      <Filter>Source Files</Filter>
    </ClCompile>
    <ClCompile Include="ch01-working-with-strings\06.cc">
      <Filter>Source Files</Filter>
    </ClCompile>
    <ClCompile Include="ch01-working-with-strings\hello-framed.cc">
      <Filter>Source Files</Filter>
    </ClCompile>
    <ClCompile Include="ch01-working-with-strings\hello.cc">
      <Filter>Source Files</Filter>
    </ClCompile>
    <ClCompile Include="ch02-looping-and-counting\01.cc">
      <Filter>Source Files</Filter>
    </ClCompile>
    <ClCompile Include="ch02-looping-and-counting\02.cc">
      <Filter>Source Files</Filter>
    </ClCompile>
    <ClCompile Include="ch02-looping-and-counting\03.cc">
      <Filter>Source Files</Filter>
    </ClCompile>
    <ClCompile Include="ch02-looping-and-counting\04.cc">
      <Filter>Source Files</Filter>
    </ClCompile>
    <ClCompile Include="ch02-looping-and-counting\05.cc">
      <Filter>Source Files</Filter>
    </ClCompile>
    <ClCompile Include="ch02-looping-and-counting\07.cc">
      <Filter>Source Files</Filter>
    </ClCompile>
    <ClCompile Include="ch02-looping-and-counting\08.cc">
      <Filter>Source Files</Filter>
    </ClCompile>
    <ClCompile Include="ch02-looping-and-counting\09.cc">
      <Filter>Source Files</Filter>
    </ClCompile>
    <ClCompile Include="ch02-looping-and-counting\hello-framed2.cc">
      <Filter>Source Files</Filter>
    </ClCompile>
    <ClCompile Include="ch03-working-with-batches-of-data\02_quartiler.cc">
      <Filter>Source Files</Filter>
    </ClCompile>
    <ClCompile Include="ch03-working-with-batches-of-data\03_word_count.cc">
      <Filter>Source Files</Filter>
    </ClCompile>
    <ClCompile Include="ch03-working-with-batches-of-data\04_str_lens.cc">
      <Filter>Source Files</Filter>
    </ClCompile>
    <ClCompile Include="ch03-working-with-batches-of-data\05_grader.cc">
      <Filter>Source Files</Filter>
    </ClCompile>
    <ClCompile Include="ch03-working-with-batches-of-data\06.cc">
      <Filter>Source Files</Filter>
    </ClCompile>
    <ClCompile Include="ch03-working-with-batches-of-data\grader.cc">
      <Filter>Source Files</Filter>
    </ClCompile>
    <ClCompile Include="ch03-working-with-batches-of-data\grader2.cc">
      <Filter>Source Files</Filter>
    </ClCompile>
    <ClCompile Include="ch04-organizing-programs-and-data\02_squares.cpp">
      <Filter>Source Files</Filter>
    </ClCompile>
    <ClCompile Include="ch04-organizing-programs-and-data\03_squares_better.cpp">
      <Filter>Source Files</Filter>
    </ClCompile>
    <ClCompile Include="ch04-organizing-programs-and-data\04_squares.cpp">
      <Filter>Source Files</Filter>
    </ClCompile>
    <ClCompile Include="ch04-organizing-programs-and-data\07_average.cpp">
      <Filter>Source Files</Filter>
    </ClCompile>
    <ClCompile Include="ch04-organizing-programs-and-data\grade.cpp">
      <Filter>Source Files</Filter>
    </ClCompile>
    <ClCompile Include="ch04-organizing-programs-and-data\median.cpp">
      <Filter>Source Files</Filter>
    </ClCompile>
    <ClCompile Include="ch04-organizing-programs-and-data\student_info.cpp">
      <Filter>Source Files</Filter>
    </ClCompile>
    <ClCompile Include="ch04-organizing-programs-and-data\grader.cc">
      <Filter>Source Files</Filter>
    </ClCompile>
    <ClCompile Include="ch04-organizing-programs-and-data\grader2.cc">
      <Filter>Source Files</Filter>
    </ClCompile>
    <ClCompile Include="ch04-organizing-programs-and-data\grader3.cc">
      <Filter>Source Files</Filter>
    </ClCompile>
    <ClCompile Include="ch04-organizing-programs-and-data\ex05\word_count.cpp">
      <Filter>Source Files</Filter>
    </ClCompile>
    <ClCompile Include="ch04-organizing-programs-and-data\ex05\word_freq.cpp">
      <Filter>Source Files</Filter>
    </ClCompile>
    <ClCompile Include="ch04-organizing-programs-and-data\ex05\word_read.cpp">
      <Filter>Source Files</Filter>
    </ClCompile>
    <ClCompile Include="ch04-organizing-programs-and-data\ex06\grade 1.cpp">
      <Filter>Source Files</Filter>
    </ClCompile>
    <ClCompile Include="ch04-organizing-programs-and-data\ex06\grade.cpp">
      <Filter>Source Files</Filter>
    </ClCompile>
    <ClCompile Include="ch04-organizing-programs-and-data\ex06\grader.cpp">
      <Filter>Source Files</Filter>
    </ClCompile>
    <ClCompile Include="ch04-organizing-programs-and-data\ex06\median.cpp">
      <Filter>Source Files</Filter>
    </ClCompile>
    <ClCompile Include="ch04-organizing-programs-and-data\ex06\student_info.cpp">
      <Filter>Source Files</Filter>
    </ClCompile>
    <ClCompile Include="ch05-using-seq-containers-and-analyzing-strings\01.cpp">
      <Filter>Source Files</Filter>
    </ClCompile>
    <ClCompile Include="ch05-using-seq-containers-and-analyzing-strings\02.cpp">
      <Filter>Source Files</Filter>
    </ClCompile>
    <ClCompile Include="ch05-using-seq-containers-and-analyzing-strings\05_center.cpp">
      <Filter>Source Files</Filter>
    </ClCompile>
    <ClCompile Include="ch05-using-seq-containers-and-analyzing-strings\07_framer.cpp">
      <Filter>Source Files</Filter>
    </ClCompile>
    <ClCompile Include="ch05-using-seq-containers-and-analyzing-strings\08_hcat.cpp">
      <Filter>Source Files</Filter>
    </ClCompile>
    <ClCompile Include="ch05-using-seq-containers-and-analyzing-strings\09.cpp">
      <Filter>Source Files</Filter>
    </ClCompile>
    <ClCompile Include="ch05-using-seq-containers-and-analyzing-strings\10.cpp">
      <Filter>Source Files</Filter>
    </ClCompile>
    <ClCompile Include="ch05-using-seq-containers-and-analyzing-strings\11.cpp">
      <Filter>Source Files</Filter>
    </ClCompile>
    <ClCompile Include="ch05-using-seq-containers-and-analyzing-strings\framer.cpp">
      <Filter>Source Files</Filter>
    </ClCompile>
    <ClCompile Include="ch05-using-seq-containers-and-analyzing-strings\grade.cpp">
      <Filter>Source Files</Filter>
    </ClCompile>
    <ClCompile Include="ch05-using-seq-containers-and-analyzing-strings\grader.cpp">
      <Filter>Source Files</Filter>
    </ClCompile>
    <ClCompile Include="ch05-using-seq-containers-and-analyzing-strings\hcat.cpp">
      <Filter>Source Files</Filter>
    </ClCompile>
    <ClCompile Include="ch05-using-seq-containers-and-analyzing-strings\median.cpp">
      <Filter>Source Files</Filter>
    </ClCompile>
    <ClCompile Include="ch05-using-seq-containers-and-analyzing-strings\split.cpp">
      <Filter>Source Files</Filter>
    </ClCompile>
    <ClCompile Include="ch05-using-seq-containers-and-analyzing-strings\student_info.cpp">
      <Filter>Source Files</Filter>
    </ClCompile>
    <ClCompile Include="ch05-using-seq-containers-and-analyzing-strings\vcat.cpp">
      <Filter>Source Files</Filter>
    </ClCompile>
    <ClCompile Include="ch05-using-seq-containers-and-analyzing-strings\ex02\grade.cpp">
      <Filter>Source Files</Filter>
    </ClCompile>
    <ClCompile Include="ch05-using-seq-containers-and-analyzing-strings\ex02\grader.cpp">
      <Filter>Source Files</Filter>
    </ClCompile>
    <ClCompile Include="ch05-using-seq-containers-and-analyzing-strings\ex02\grader_list.cpp">
      <Filter>Source Files</Filter>
    </ClCompile>
    <ClCompile Include="ch05-using-seq-containers-and-analyzing-strings\ex02\grader_vec.cpp">
      <Filter>Source Files</Filter>
    </ClCompile>
    <ClCompile Include="ch05-using-seq-containers-and-analyzing-strings\ex02\median.cpp">
      <Filter>Source Files</Filter>
    </ClCompile>
    <ClCompile Include="ch05-using-seq-containers-and-analyzing-strings\ex02\student_info.cpp">
      <Filter>Source Files</Filter>
    </ClCompile>
    <ClCompile Include="ch05-using-seq-containers-and-analyzing-strings\ex03\grade.cpp">
      <Filter>Source Files</Filter>
    </ClCompile>
    <ClCompile Include="ch05-using-seq-containers-and-analyzing-strings\ex03\grader.cpp">
      <Filter>Source Files</Filter>
    </ClCompile>
    <ClCompile Include="ch05-using-seq-containers-and-analyzing-strings\ex03\median.cpp">
      <Filter>Source Files</Filter>
    </ClCompile>
    <ClCompile Include="ch05-using-seq-containers-and-analyzing-strings\ex03\student_info.cpp">
      <Filter>Source Files</Filter>
    </ClCompile>
    <ClCompile Include="ch05-using-seq-containers-and-analyzing-strings\ex06\grade.cpp">
      <Filter>Source Files</Filter>
    </ClCompile>
    <ClCompile Include="ch05-using-seq-containers-and-analyzing-strings\ex06\grader.cpp">
      <Filter>Source Files</Filter>
    </ClCompile>
    <ClCompile Include="ch05-using-seq-containers-and-analyzing-strings\ex06\grader_updated.cpp">
      <Filter>Source Files</Filter>
    </ClCompile>
    <ClCompile Include="ch05-using-seq-containers-and-analyzing-strings\ex06\median.cpp">
      <Filter>Source Files</Filter>
    </ClCompile>
    <ClCompile Include="ch05-using-seq-containers-and-analyzing-strings\ex06\student_info.cpp">
      <Filter>Source Files</Filter>
    </ClCompile>
    <ClCompile Include="ch06-using-library-algorithms\01.cpp">
      <Filter>Source Files</Filter>
    </ClCompile>
    <ClCompile Include="ch06-using-library-algorithms\03.cpp">
      <Filter>Source Files</Filter>
    </ClCompile>
    <ClCompile Include="ch06-using-library-algorithms\04.cpp">
      <Filter>Source Files</Filter>
    </ClCompile>
    <ClCompile Include="ch06-using-library-algorithms\06.cpp">
      <Filter>Source Files</Filter>
    </ClCompile>
    <ClCompile Include="ch06-using-library-algorithms\09.cpp">
      <Filter>Source Files</Filter>
    </ClCompile>
    <ClCompile Include="ch06-using-library-algorithms\find_url.cpp">
      <Filter>Source Files</Filter>
    </ClCompile>
    <ClCompile Include="ch06-using-library-algorithms\grade_analysis.cpp">
      <Filter>Source Files</Filter>
    </ClCompile>
    <ClCompile Include="ch06-using-library-algorithms\is_palindrome.cpp">
      <Filter>Source Files</Filter>
    </ClCompile>
    <ClCompile Include="ch06-using-library-algorithms\split.cpp">
      <Filter>Source Files</Filter>
    </ClCompile>
    <ClCompile Include="ch06-using-library-algorithms\ex02\02.cpp">
      <Filter>Source Files</Filter>
    </ClCompile>
    <ClCompile Include="ch06-using-library-algorithms\ex02\find_url.cpp">
      <Filter>Source Files</Filter>
    </ClCompile>
    <ClCompile Include="ch06-using-library-algorithms\ex07\07.cpp">
      <Filter>Source Files</Filter>
    </ClCompile>
    <ClCompile Include="ch06-using-library-algorithms\ex07\grade.cpp">
      <Filter>Source Files</Filter>
    </ClCompile>
    <ClCompile Include="ch06-using-library-algorithms\ex07\median.cpp">
      <Filter>Source Files</Filter>
    </ClCompile>
    <ClCompile Include="ch06-using-library-algorithms\ex07\student_info.cpp">
      <Filter>Source Files</Filter>
    </ClCompile>
    <ClCompile Include="ch06-using-library-algorithms\ex08\08.cpp">
      <Filter>Source Files</Filter>
    </ClCompile>
    <ClCompile Include="ch06-using-library-algorithms\ex08\grade.cpp">
      <Filter>Source Files</Filter>
    </ClCompile>
    <ClCompile Include="ch06-using-library-algorithms\ex08\median.cpp">
      <Filter>Source Files</Filter>
    </ClCompile>
    <ClCompile Include="ch06-using-library-algorithms\ex08\student_info.cpp">
      <Filter>Source Files</Filter>
    </ClCompile>
  </ItemGroup>
  <ItemGroup>
    <ClInclude Include="ch04-organizing-programs-and-data\grade.h">
      <Filter>Header Files</Filter>
    </ClInclude>
    <ClInclude Include="ch04-organizing-programs-and-data\median.h">
      <Filter>Header Files</Filter>
    </ClInclude>
    <ClInclude Include="ch04-organizing-programs-and-data\student_info.h">
      <Filter>Header Files</Filter>
    </ClInclude>
    <ClInclude Include="ch04-organizing-programs-and-data\ex05\word_read.h">
      <Filter>Header Files</Filter>
    </ClInclude>
    <ClInclude Include="ch04-organizing-programs-and-data\ex06\grade.h">
      <Filter>Header Files</Filter>
    </ClInclude>
    <ClInclude Include="ch04-organizing-programs-and-data\ex06\median.h">
      <Filter>Header Files</Filter>
    </ClInclude>
    <ClInclude Include="ch04-organizing-programs-and-data\ex06\student_info.h">
      <Filter>Header Files</Filter>
    </ClInclude>
    <ClInclude Include="ch05-using-seq-containers-and-analyzing-strings\grade.h">
      <Filter>Header Files</Filter>
    </ClInclude>
    <ClInclude Include="ch05-using-seq-containers-and-analyzing-strings\median.h">
      <Filter>Header Files</Filter>
    </ClInclude>
    <ClInclude Include="ch05-using-seq-containers-and-analyzing-strings\student_info.h">
      <Filter>Header Files</Filter>
    </ClInclude>
    <ClInclude Include="ch05-using-seq-containers-and-analyzing-strings\ex02\grade.h">
      <Filter>Header Files</Filter>
    </ClInclude>
    <ClInclude Include="ch05-using-seq-containers-and-analyzing-strings\ex02\median.h">
      <Filter>Header Files</Filter>
    </ClInclude>
    <ClInclude Include="ch05-using-seq-containers-and-analyzing-strings\ex02\student_info.h">
      <Filter>Header Files</Filter>
    </ClInclude>
    <ClInclude Include="ch05-using-seq-containers-and-analyzing-strings\ex03\grade.h">
      <Filter>Header Files</Filter>
    </ClInclude>
    <ClInclude Include="ch05-using-seq-containers-and-analyzing-strings\ex03\median.h">
      <Filter>Header Files</Filter>
    </ClInclude>
    <ClInclude Include="ch05-using-seq-containers-and-analyzing-strings\ex03\student_info.h">
      <Filter>Header Files</Filter>
    </ClInclude>
    <ClInclude Include="ch05-using-seq-containers-and-analyzing-strings\ex06\grade.h">
      <Filter>Header Files</Filter>
    </ClInclude>
    <ClInclude Include="ch05-using-seq-containers-and-analyzing-strings\ex06\median.h">
      <Filter>Header Files</Filter>
    </ClInclude>
    <ClInclude Include="ch05-using-seq-containers-and-analyzing-strings\ex06\student_info.h">
      <Filter>Header Files</Filter>
    </ClInclude>
    <ClInclude Include="ch06-using-library-algorithms\find_url.h">
      <Filter>Header Files</Filter>
    </ClInclude>
    <ClInclude Include="ch06-using-library-algorithms\ex02\find_url.h">
      <Filter>Header Files</Filter>
    </ClInclude>
    <ClInclude Include="ch06-using-library-algorithms\ex07\grade.h">
      <Filter>Header Files</Filter>
    </ClInclude>
    <ClInclude Include="ch06-using-library-algorithms\ex07\median.h">
      <Filter>Header Files</Filter>
    </ClInclude>
    <ClInclude Include="ch06-using-library-algorithms\ex07\student_info.h">
      <Filter>Header Files</Filter>
    </ClInclude>
    <ClInclude Include="ch06-using-library-algorithms\ex08\grade.h">
      <Filter>Header Files</Filter>
    </ClInclude>
    <ClInclude Include="ch06-using-library-algorithms\ex08\median.h">
      <Filter>Header Files</Filter>
    </ClInclude>
    <ClInclude Include="ch06-using-library-algorithms\ex08\student_info.h">
      <Filter>Header Files</Filter>
    </ClInclude>
  </ItemGroup>
  <ItemGroup>
    <None Include="Scripts\codemirror-3.01\mode\xml.js">
      <Filter>Scripts\codemirror-3.01\mode</Filter>
    </None>
    <None Include="Scripts\codemirror-3.01\mode\javascript.js">
      <Filter>Scripts\codemirror-3.01\mode</Filter>
    </None>
    <None Include="Scripts\codemirror-3.01\mode\htmlmixed.js">
      <Filter>Scripts\codemirror-3.01\mode</Filter>
    </None>
    <None Include="Scripts\codemirror-3.01\mode\css.js">
      <Filter>Scripts\codemirror-3.01\mode</Filter>
    </None>
    <None Include="Scripts\codemirror-3.01\codemirror.js">
      <Filter>Scripts\codemirror-3.01</Filter>
    </None>
    <None Include="Content\codemirror-3.01\codemirror.css">
      <Filter>Content\codemirror-3.01</Filter>
    </None>
    <None Include="packages.config" />
    <None Include="Scripts\codemirror-3.01\keymap\vim.js">
      <Filter>Scripts\codemirror-3.01\keymap</Filter>
    </None>
    <None Include="Scripts\codemirror-3.01\keymap\emacs.js">
      <Filter>Scripts\codemirror-3.01\keymap</Filter>
    </None>
  </ItemGroup>
</Project>